
Microsoft Visual Studio Solution File, Format Version 12.00
Project("{FAE04EC0-301F-11D3-BF4B-00C04F79EFBC}") = "librespot", "librespot-csharp\librespot.csproj", "{44E5E2EB-B339-4AB0-AB1F-0E3EEF8A1329}"
EndProject
Project("{FAE04EC0-301F-11D3-BF4B-00C04F79EFBC}") = "lib", "lib\lib.csproj", "{1DE0FBC2-185C-499D-B691-1FF01FFF28F2}"
EndProject
Project("{FAE04EC0-301F-11D3-BF4B-00C04F79EFBC}") = "player", "player\player.csproj", "{65044903-83C0-4F32-938B-E9A861D2F837}"
EndProject
Project("{FAE04EC0-301F-11D3-BF4B-00C04F79EFBC}") = "decoder-api", "decoder-api\decoder-api.csproj", "{07DC769C-C6EE-4269-AA26-81F031946EF5}"
EndProject
Project("{FAE04EC0-301F-11D3-BF4B-00C04F79EFBC}") = "sink-api", "sink-api\sink-api.csproj", "{ADADB154-ABD1-4EB3-8D8B-B660AF4F496C}"
EndProject
Project("{FAE04EC0-301F-11D3-BF4B-00C04F79EFBC}") = "deps", "deps\deps.csproj", "{A961C373-4854-47F9-91DF-1AB68479E0C3}"
EndProject
Project("{FAE04EC0-301F-11D3-BF4B-00C04F79EFBC}") = "dacp", "dacp\dacp.csproj", "{FF642152-EF3F-4F99-B3DD-922C8A23B0B1}"
EndProject
Project("{FAE04EC0-301F-11D3-BF4B-00C04F79EFBC}") = "playback-windows", "playback-windows\playback-windows.csproj", "{740C622A-8E2E-4EFD-908B-03F3AF5CD556}"
EndProject
Project("{FAE04EC0-301F-11D3-BF4B-00C04F79EFBC}") = "playback-linux", "playback-linux\playback-linux.csproj", "{B9D5DB2F-5BC5-4B95-A5D7-9AB7EA537343}"
EndProject
Project("{FAE04EC0-301F-11D3-BF4B-00C04F79EFBC}") = "playback-api", "playback-api\playback-api.csproj", "{51BE1A9C-AE60-4161-BEB2-2402201181BA}"
EndProject
Project("{FAE04EC0-301F-11D3-BF4B-00C04F79EFBC}") = "api", "api\api.csproj", "{00444ACA-7455-458A-94AF-6A4C500BD011}"
EndProject
Project("{FAE04EC0-301F-11D3-BF4B-00C04F79EFBC}") = "zeroconf", "zeroconf\zeroconf.csproj", "{78712289-323C-4CA2-BD0A-21A7FB5F5845}"
EndProject
Project("{FAE04EC0-301F-11D3-BF4B-00C04F79EFBC}") = "http-server", "http-server\http-server.csproj", "{479F0460-D8EF-46A0-AC38-16D77D7EBDF6}"
EndProject
Global
	GlobalSection(SolutionConfigurationPlatforms) = preSolution
		Debug|Any CPU = Debug|Any CPU
		Release|Any CPU = Release|Any CPU
	EndGlobalSection
	GlobalSection(ProjectConfigurationPlatforms) = postSolution
		{44E5E2EB-B339-4AB0-AB1F-0E3EEF8A1329}.Debug|Any CPU.ActiveCfg = Debug|Any CPU
		{44E5E2EB-B339-4AB0-AB1F-0E3EEF8A1329}.Debug|Any CPU.Build.0 = Debug|Any CPU
		{44E5E2EB-B339-4AB0-AB1F-0E3EEF8A1329}.Release|Any CPU.ActiveCfg = Release|Any CPU
		{44E5E2EB-B339-4AB0-AB1F-0E3EEF8A1329}.Release|Any CPU.Build.0 = Release|Any CPU
		{1DE0FBC2-185C-499D-B691-1FF01FFF28F2}.Debug|Any CPU.ActiveCfg = Debug|Any CPU
		{1DE0FBC2-185C-499D-B691-1FF01FFF28F2}.Debug|Any CPU.Build.0 = Debug|Any CPU
		{1DE0FBC2-185C-499D-B691-1FF01FFF28F2}.Release|Any CPU.ActiveCfg = Release|Any CPU
		{1DE0FBC2-185C-499D-B691-1FF01FFF28F2}.Release|Any CPU.Build.0 = Release|Any CPU
		{65044903-83C0-4F32-938B-E9A861D2F837}.Debug|Any CPU.ActiveCfg = Debug|Any CPU
		{65044903-83C0-4F32-938B-E9A861D2F837}.Debug|Any CPU.Build.0 = Debug|Any CPU
		{65044903-83C0-4F32-938B-E9A861D2F837}.Release|Any CPU.ActiveCfg = Release|Any CPU
		{65044903-83C0-4F32-938B-E9A861D2F837}.Release|Any CPU.Build.0 = Release|Any CPU
		{07DC769C-C6EE-4269-AA26-81F031946EF5}.Debug|Any CPU.ActiveCfg = Debug|Any CPU
		{07DC769C-C6EE-4269-AA26-81F031946EF5}.Debug|Any CPU.Build.0 = Debug|Any CPU
		{07DC769C-C6EE-4269-AA26-81F031946EF5}.Release|Any CPU.ActiveCfg = Release|Any CPU
		{07DC769C-C6EE-4269-AA26-81F031946EF5}.Release|Any CPU.Build.0 = Release|Any CPU
		{ADADB154-ABD1-4EB3-8D8B-B660AF4F496C}.Debug|Any CPU.ActiveCfg = Debug|Any CPU
		{ADADB154-ABD1-4EB3-8D8B-B660AF4F496C}.Debug|Any CPU.Build.0 = Debug|Any CPU
		{ADADB154-ABD1-4EB3-8D8B-B660AF4F496C}.Release|Any CPU.ActiveCfg = Release|Any CPU
		{ADADB154-ABD1-4EB3-8D8B-B660AF4F496C}.Release|Any CPU.Build.0 = Release|Any CPU
		{A961C373-4854-47F9-91DF-1AB68479E0C3}.Debug|Any CPU.ActiveCfg = Debug|Any CPU
		{A961C373-4854-47F9-91DF-1AB68479E0C3}.Debug|Any CPU.Build.0 = Debug|Any CPU
		{A961C373-4854-47F9-91DF-1AB68479E0C3}.Release|Any CPU.ActiveCfg = Release|Any CPU
		{A961C373-4854-47F9-91DF-1AB68479E0C3}.Release|Any CPU.Build.0 = Release|Any CPU
		{FF642152-EF3F-4F99-B3DD-922C8A23B0B1}.Debug|Any CPU.ActiveCfg = Debug|Any CPU
		{FF642152-EF3F-4F99-B3DD-922C8A23B0B1}.Debug|Any CPU.Build.0 = Debug|Any CPU
		{FF642152-EF3F-4F99-B3DD-922C8A23B0B1}.Release|Any CPU.ActiveCfg = Release|Any CPU
		{FF642152-EF3F-4F99-B3DD-922C8A23B0B1}.Release|Any CPU.Build.0 = Release|Any CPU
		{740C622A-8E2E-4EFD-908B-03F3AF5CD556}.Debug|Any CPU.ActiveCfg = Debug|Any CPU
		{740C622A-8E2E-4EFD-908B-03F3AF5CD556}.Debug|Any CPU.Build.0 = Debug|Any CPU
		{740C622A-8E2E-4EFD-908B-03F3AF5CD556}.Release|Any CPU.ActiveCfg = Release|Any CPU
		{740C622A-8E2E-4EFD-908B-03F3AF5CD556}.Release|Any CPU.Build.0 = Release|Any CPU
		{B9D5DB2F-5BC5-4B95-A5D7-9AB7EA537343}.Debug|Any CPU.ActiveCfg = Debug|Any CPU
		{B9D5DB2F-5BC5-4B95-A5D7-9AB7EA537343}.Debug|Any CPU.Build.0 = Debug|Any CPU
		{B9D5DB2F-5BC5-4B95-A5D7-9AB7EA537343}.Release|Any CPU.ActiveCfg = Release|Any CPU
		{B9D5DB2F-5BC5-4B95-A5D7-9AB7EA537343}.Release|Any CPU.Build.0 = Release|Any CPU
		{51BE1A9C-AE60-4161-BEB2-2402201181BA}.Debug|Any CPU.ActiveCfg = Debug|Any CPU
		{51BE1A9C-AE60-4161-BEB2-2402201181BA}.Debug|Any CPU.Build.0 = Debug|Any CPU
		{51BE1A9C-AE60-4161-BEB2-2402201181BA}.Release|Any CPU.ActiveCfg = Release|Any CPU
		{51BE1A9C-AE60-4161-BEB2-2402201181BA}.Release|Any CPU.Build.0 = Release|Any CPU
		{00444ACA-7455-458A-94AF-6A4C500BD011}.Debug|Any CPU.ActiveCfg = Debug|Any CPU
		{00444ACA-7455-458A-94AF-6A4C500BD011}.Debug|Any CPU.Build.0 = Debug|Any CPU
		{00444ACA-7455-458A-94AF-6A4C500BD011}.Release|Any CPU.ActiveCfg = Release|Any CPU
		{00444ACA-7455-458A-94AF-6A4C500BD011}.Release|Any CPU.Build.0 = Release|Any CPU
		{78712289-323C-4CA2-BD0A-21A7FB5F5845}.Debug|Any CPU.ActiveCfg = Debug|Any CPU
		{78712289-323C-4CA2-BD0A-21A7FB5F5845}.Debug|Any CPU.Build.0 = Debug|Any CPU
		{78712289-323C-4CA2-BD0A-21A7FB5F5845}.Release|Any CPU.ActiveCfg = Release|Any CPU
		{78712289-323C-4CA2-BD0A-21A7FB5F5845}.Release|Any CPU.Build.0 = Release|Any CPU
		{479F0460-D8EF-46A0-AC38-16D77D7EBDF6}.Debug|Any CPU.ActiveCfg = Debug|Any CPU
		{479F0460-D8EF-46A0-AC38-16D77D7EBDF6}.Debug|Any CPU.Build.0 = Debug|Any CPU
		{479F0460-D8EF-46A0-AC38-16D77D7EBDF6}.Release|Any CPU.ActiveCfg = Release|Any CPU
		{479F0460-D8EF-46A0-AC38-16D77D7EBDF6}.Release|Any CPU.Build.0 = Release|Any CPU
	EndGlobalSection
EndGlobal
